
Microsoft Visual Studio Solution File, Format Version 12.00
# Visual Studio Version 17
VisualStudioVersion = 17.7.34221.43
MinimumVisualStudioVersion = 10.0.40219.1
Project("{FAE04EC0-301F-11D3-BF4B-00C04F79EFBC}") = "crypter", "crypter.csproj", "{9E05A83E-BF84-4527-A5CA-156CD4D454DA}"
EndProject
Global
	GlobalSection(SolutionConfigurationPlatforms) = preSolution
		Debug|Any CPU = Debug|Any CPU
		Release|Any CPU = Release|Any CPU
	EndGlobalSection
	GlobalSection(ProjectConfigurationPlatforms) = postSolution
		{9E05A83E-BF84-4527-A5CA-156CD4D454DA}.Debug|Any CPU.ActiveCfg = Debug|Any CPU
		{9E05A83E-BF84-4527-A5CA-156CD4D454DA}.Debug|Any CPU.Build.0 = Debug|Any CPU
		{9E05A83E-BF84-4527-A5CA-156CD4D454DA}.Release|Any CPU.ActiveCfg = Release|Any CPU
		{9E05A83E-BF84-4527-A5CA-156CD4D454DA}.Release|Any CPU.Build.0 = Release|Any CPU
	EndGlobalSection
	GlobalSection(SolutionProperties) = preSolution
		HideSolutionNode = FALSE
	EndGlobalSection
	GlobalSection(ExtensibilityGlobals) = postSolution
		SolutionGuid = {E9582332-F59E-4885-BE30-BF8EEFCAA338}
	EndGlobalSection
EndGlobal
